
Microsoft Visual Studio Solution File, Format Version 12.00
# Visual Studio 2012
Project("{FAE04EC0-301F-11D3-BF4B-00C04F79EFBC}") = "CRMService", "CRMService\CRMService.csproj", "{65A6A42C-AB7D-4C2D-8870-EF75ED998ED9}"
EndProject
Project("{FAE04EC0-301F-11D3-BF4B-00C04F79EFBC}") = "CRMServiceApp", "CRMServiceApp\CRMServiceApp.csproj", "{AA6C8803-0741-4555-9E58-0473213FD8E2}"
EndProject
Global
	GlobalSection(SolutionConfigurationPlatforms) = preSolution
		Debug|Any CPU = Debug|Any CPU
		Release|Any CPU = Release|Any CPU
	EndGlobalSection
	GlobalSection(ProjectConfigurationPlatforms) = postSolution
		{65A6A42C-AB7D-4C2D-8870-EF75ED998ED9}.Debug|Any CPU.ActiveCfg = Debug|Any CPU
		{65A6A42C-AB7D-4C2D-8870-EF75ED998ED9}.Debug|Any CPU.Build.0 = Debug|Any CPU
		{65A6A42C-AB7D-4C2D-8870-EF75ED998ED9}.Release|Any CPU.ActiveCfg = Release|Any CPU
		{65A6A42C-AB7D-4C2D-8870-EF75ED998ED9}.Release|Any CPU.Build.0 = Release|Any CPU
		{AA6C8803-0741-4555-9E58-0473213FD8E2}.Debug|Any CPU.ActiveCfg = Debug|Any CPU
		{AA6C8803-0741-4555-9E58-0473213FD8E2}.Debug|Any CPU.Build.0 = Debug|Any CPU
		{AA6C8803-0741-4555-9E58-0473213FD8E2}.Release|Any CPU.ActiveCfg = Release|Any CPU
		{AA6C8803-0741-4555-9E58-0473213FD8E2}.Release|Any CPU.Build.0 = Release|Any CPU
	EndGlobalSection
	GlobalSection(SolutionProperties) = preSolution
		HideSolutionNode = FALSE
	EndGlobalSection
EndGlobal
